
Microsoft Visual Studio Solution File, Format Version 12.00
# Visual Studio Version 16
VisualStudioVersion = 16.0.30128.74
MinimumVisualStudioVersion = 10.0.40219.1
Project("{FAE04EC0-301F-11D3-BF4B-00C04F79EFBC}") = "codingSight", "codingSight\codingSight.csproj", "{F93E5EBA-AF6D-458A-867D-3D534DDD0187}"
EndProject
Global
	GlobalSection(SolutionConfigurationPlatforms) = preSolution
		Debug|Any CPU = Debug|Any CPU
		Release|Any CPU = Release|Any CPU
	EndGlobalSection
	GlobalSection(ProjectConfigurationPlatforms) = postSolution
		{F93E5EBA-AF6D-458A-867D-3D534DDD0187}.Debug|Any CPU.ActiveCfg = Debug|Any CPU
		{F93E5EBA-AF6D-458A-867D-3D534DDD0187}.Debug|Any CPU.Build.0 = Debug|Any CPU
		{F93E5EBA-AF6D-458A-867D-3D534DDD0187}.Release|Any CPU.ActiveCfg = Release|Any CPU
		{F93E5EBA-AF6D-458A-867D-3D534DDD0187}.Release|Any CPU.Build.0 = Release|Any CPU
	EndGlobalSection
	GlobalSection(SolutionProperties) = preSolution
		HideSolutionNode = FALSE
	EndGlobalSection
	GlobalSection(ExtensibilityGlobals) = postSolution
		SolutionGuid = {506C94D1-E599-4603-BA76-4FAA4C44497E}
	EndGlobalSection
EndGlobal
